// !$*UTF8*$!
{
	archiveVersion = 1;
	classes = {
	};
	objectVersion = 51;
	objects = {

/* Begin PBXBuildFile section */
		C4180E8C260A3E5000EA96F9 /* ContentViewController.m in Sources */ = {isa = PBXBuildFile; fileRef = C4180E8B260A3E5000EA96F9 /* ContentViewController.m */; };
		C4180E91260A3F6300EA96F9 /* FirstViewController.m in Sources */ = {isa = PBXBuildFile; fileRef = C4180E90260A3F6300EA96F9 /* FirstViewController.m */; };
		C4180E97260A440D00EA96F9 /* ProgressView.m in Sources */ = {isa = PBXBuildFile; fileRef = C4180E96260A440D00EA96F9 /* ProgressView.m */; };
		C4180E9C260A606100EA96F9 /* NotificationCenter.m in Sources */ = {isa = PBXBuildFile; fileRef = C4180E9B260A606100EA96F9 /* NotificationCenter.m */; };
		C43E07522614A249008FEEC6 /* NSString+Localization.m in Sources */ = {isa = PBXBuildFile; fileRef = C43E07512614A249008FEEC6 /* NSString+Localization.m */; };
		C43FD44F25FE697100BBAFA1 /* LocationService.m in Sources */ = {isa = PBXBuildFile; fileRef = C43FD44E25FE697100BBAFA1 /* LocationService.m */; };
		C43FD45325FE6CB700BBAFA1 /* MapPrice.m in Sources */ = {isa = PBXBuildFile; fileRef = C43FD45225FE6CB700BBAFA1 /* MapPrice.m */; };
		C43FD45725FE6E0600BBAFA1 /* MapViewController.m in Sources */ = {isa = PBXBuildFile; fileRef = C43FD45625FE6E0600BBAFA1 /* MapViewController.m */; };
		C4569250260649D10078EED5 /* DataModel.xcdatamodeld in Sources */ = {isa = PBXBuildFile; fileRef = C456924E260649D10078EED5 /* DataModel.xcdatamodeld */; };
		C456925726064C7A0078EED5 /* FavoriteTicket+CoreDataProperties.m in Sources */ = {isa = PBXBuildFile; fileRef = C456925326064C790078EED5 /* FavoriteTicket+CoreDataProperties.m */; };
		C456925826064C7A0078EED5 /* FavoriteTicket+CoreDataClass.m in Sources */ = {isa = PBXBuildFile; fileRef = C456925526064C7A0078EED5 /* FavoriteTicket+CoreDataClass.m */; };
		C456925C26064CC80078EED5 /* CoreDataHelper.m in Sources */ = {isa = PBXBuildFile; fileRef = C456925B26064CC80078EED5 /* CoreDataHelper.m */; };
		C4569271260659FD0078EED5 /* FavoriteMapPrice+CoreDataClass.m in Sources */ = {isa = PBXBuildFile; fileRef = C456926D260659FD0078EED5 /* FavoriteMapPrice+CoreDataClass.m */; };
		C4569272260659FD0078EED5 /* FavoriteMapPrice+CoreDataProperties.m in Sources */ = {isa = PBXBuildFile; fileRef = C4569270260659FD0078EED5 /* FavoriteMapPrice+CoreDataProperties.m */; };
		C458CDE225F500D2004D9A5A /* PlaceViewController.m in Sources */ = {isa = PBXBuildFile; fileRef = C458CDE125F500D2004D9A5A /* PlaceViewController.m */; };
		C458CDE925F508E2004D9A5A /* PlaceCell.m in Sources */ = {isa = PBXBuildFile; fileRef = C458CDE825F508E2004D9A5A /* PlaceCell.m */; };
		C45927EA25EFD54600CFE731 /* AppDelegate.m in Sources */ = {isa = PBXBuildFile; fileRef = C45927E925EFD54600CFE731 /* AppDelegate.m */; };
		C45927F025EFD54600CFE731 /* ViewController.m in Sources */ = {isa = PBXBuildFile; fileRef = C45927EF25EFD54600CFE731 /* ViewController.m */; };
		C45927F625EFD54600CFE731 /* aviaTickets.xcdatamodeld in Sources */ = {isa = PBXBuildFile; fileRef = C45927F425EFD54600CFE731 /* aviaTickets.xcdatamodeld */; };
		C45927F825EFD54800CFE731 /* Assets.xcassets in Resources */ = {isa = PBXBuildFile; fileRef = C45927F725EFD54800CFE731 /* Assets.xcassets */; };
		C45927FB25EFD54800CFE731 /* LaunchScreen.storyboard in Resources */ = {isa = PBXBuildFile; fileRef = C45927F925EFD54800CFE731 /* LaunchScreen.storyboard */; };
		C45927FE25EFD54800CFE731 /* main.m in Sources */ = {isa = PBXBuildFile; fileRef = C45927FD25EFD54800CFE731 /* main.m */; };
		C459280A25EFFD6300CFE731 /* TicketsViewController.m in Sources */ = {isa = PBXBuildFile; fileRef = C459280925EFFD6300CFE731 /* TicketsViewController.m */; };
		C459281025F0051700CFE731 /* Country.m in Sources */ = {isa = PBXBuildFile; fileRef = C459280F25F0051700CFE731 /* Country.m */; };
		C459281425F005B300CFE731 /* City.m in Sources */ = {isa = PBXBuildFile; fileRef = C459281325F005B300CFE731 /* City.m */; };
		C459281825F0063C00CFE731 /* Airport.m in Sources */ = {isa = PBXBuildFile; fileRef = C459281725F0063C00CFE731 /* Airport.m */; };
		C459281D25F0072100CFE731 /* DataManager.m in Sources */ = {isa = PBXBuildFile; fileRef = C459281C25F0072100CFE731 /* DataManager.m */; };
		C459282325F00A6100CFE731 /* cities.json in Resources */ = {isa = PBXBuildFile; fileRef = C459282025F00A6100CFE731 /* cities.json */; };
		C459282425F00A6100CFE731 /* airports.json in Resources */ = {isa = PBXBuildFile; fileRef = C459282125F00A6100CFE731 /* airports.json */; };
		C459282525F00A6100CFE731 /* countries.json in Resources */ = {isa = PBXBuildFile; fileRef = C459282225F00A6100CFE731 /* countries.json */; };
		C461CC0C25F8F10D00487B12 /* APIManager.m in Sources */ = {isa = PBXBuildFile; fileRef = C461CC0B25F8F10D00487B12 /* APIManager.m */; };
		C461CC1025F8F75200487B12 /* Ticket.m in Sources */ = {isa = PBXBuildFile; fileRef = C461CC0F25F8F75200487B12 /* Ticket.m */; };
		C461CC1925F8FADC00487B12 /* TicketTableViewCell.m in Sources */ = {isa = PBXBuildFile; fileRef = C461CC1825F8FADC00487B12 /* TicketTableViewCell.m */; };
		C461CC1D25F9020D00487B12 /* Feed.m in Sources */ = {isa = PBXBuildFile; fileRef = C461CC1C25F9020D00487B12 /* Feed.m */; };
		C461CC2525F9043400487B12 /* FeedTableViewCell.m in Sources */ = {isa = PBXBuildFile; fileRef = C461CC2425F9043400487B12 /* FeedTableViewCell.m */; };
		C461CC2925F9070600487B12 /* FeedsViewController.m in Sources */ = {isa = PBXBuildFile; fileRef = C461CC2825F9070600487B12 /* FeedsViewController.m */; };
		C461CC2E25F9075400487B12 /* FeedViewController.m in Sources */ = {isa = PBXBuildFile; fileRef = C461CC2D25F9075400487B12 /* FeedViewController.m */; };
		C488ADBF2600D345002A1E83 /* TabBarController.m in Sources */ = {isa = PBXBuildFile; fileRef = C488ADBE2600D345002A1E83 /* TabBarController.m */; };
		C488ADC32600FC50002A1E83 /* PlaceCollectionCell.m in Sources */ = {isa = PBXBuildFile; fileRef = C488ADC22600FC50002A1E83 /* PlaceCollectionCell.m */; };
		C4DFFCE126175B69007D8C78 /* Localizable.strings in Resources */ = {isa = PBXBuildFile; fileRef = C4DFFCDF26175B69007D8C78 /* Localizable.strings */; };
		DD4D3850F8F0501786E6A9EE /* Pods_aviaTickets.framework in Frameworks */ = {isa = PBXBuildFile; fileRef = 55D54B136D28D41E1CC2DDE1 /* Pods_aviaTickets.framework */; };
/* End PBXBuildFile section */

/* Begin PBXFileReference section */
		49728F49CCEFA735C414D3FF /* Pods-aviaTickets.release.xcconfig */ = {isa = PBXFileReference; includeInIndex = 1; lastKnownFileType = text.xcconfig; name = "Pods-aviaTickets.release.xcconfig"; path = "Target Support Files/Pods-aviaTickets/Pods-aviaTickets.release.xcconfig"; sourceTree = "<group>"; };
		55D54B136D28D41E1CC2DDE1 /* Pods_aviaTickets.framework */ = {isa = PBXFileReference; explicitFileType = wrapper.framework; includeInIndex = 0; path = Pods_aviaTickets.framework; sourceTree = BUILT_PRODUCTS_DIR; };
		605F02B1C743EEBE7AD7B108 /* Pods-aviaTickets.debug.xcconfig */ = {isa = PBXFileReference; includeInIndex = 1; lastKnownFileType = text.xcconfig; name = "Pods-aviaTickets.debug.xcconfig"; path = "Target Support Files/Pods-aviaTickets/Pods-aviaTickets.debug.xcconfig"; sourceTree = "<group>"; };
		C4180E8A260A3E5000EA96F9 /* ContentViewController.h */ = {isa = PBXFileReference; lastKnownFileType = sourcecode.c.h; path = ContentViewController.h; sourceTree = "<group>"; };
		C4180E8B260A3E5000EA96F9 /* ContentViewController.m */ = {isa = PBXFileReference; lastKnownFileType = sourcecode.c.objc; path = ContentViewController.m; sourceTree = "<group>"; };
		C4180E8F260A3F6300EA96F9 /* FirstViewController.h */ = {isa = PBXFileReference; lastKnownFileType = sourcecode.c.h; path = FirstViewController.h; sourceTree = "<group>"; };
		C4180E90260A3F6300EA96F9 /* FirstViewController.m */ = {isa = PBXFileReference; lastKnownFileType = sourcecode.c.objc; path = FirstViewController.m; sourceTree = "<group>"; };
		C4180E95260A440D00EA96F9 /* ProgressView.h */ = {isa = PBXFileReference; lastKnownFileType = sourcecode.c.h; path = ProgressView.h; sourceTree = "<group>"; };
		C4180E96260A440D00EA96F9 /* ProgressView.m */ = {isa = PBXFileReference; lastKnownFileType = sourcecode.c.objc; path = ProgressView.m; sourceTree = "<group>"; };
		C4180E9A260A606100EA96F9 /* NotificationCenter.h */ = {isa = PBXFileReference; lastKnownFileType = sourcecode.c.h; path = NotificationCenter.h; sourceTree = "<group>"; };
		C4180E9B260A606100EA96F9 /* NotificationCenter.m */ = {isa = PBXFileReference; lastKnownFileType = sourcecode.c.objc; path = NotificationCenter.m; sourceTree = "<group>"; };
		C43E07502614A249008FEEC6 /* NSString+Localization.h */ = {isa = PBXFileReference; lastKnownFileType = sourcecode.c.h; path = "NSString+Localization.h"; sourceTree = "<group>"; };
		C43E07512614A249008FEEC6 /* NSString+Localization.m */ = {isa = PBXFileReference; lastKnownFileType = sourcecode.c.objc; path = "NSString+Localization.m"; sourceTree = "<group>"; };
		C43FD44D25FE697100BBAFA1 /* LocationService.h */ = {isa = PBXFileReference; lastKnownFileType = sourcecode.c.h; path = LocationService.h; sourceTree = "<group>"; };
		C43FD44E25FE697100BBAFA1 /* LocationService.m */ = {isa = PBXFileReference; lastKnownFileType = sourcecode.c.objc; path = LocationService.m; sourceTree = "<group>"; };
		C43FD45125FE6CB700BBAFA1 /* MapPrice.h */ = {isa = PBXFileReference; lastKnownFileType = sourcecode.c.h; path = MapPrice.h; sourceTree = "<group>"; };
		C43FD45225FE6CB700BBAFA1 /* MapPrice.m */ = {isa = PBXFileReference; lastKnownFileType = sourcecode.c.objc; path = MapPrice.m; sourceTree = "<group>"; };
		C43FD45525FE6E0600BBAFA1 /* MapViewController.h */ = {isa = PBXFileReference; lastKnownFileType = sourcecode.c.h; path = MapViewController.h; sourceTree = "<group>"; };
		C43FD45625FE6E0600BBAFA1 /* MapViewController.m */ = {isa = PBXFileReference; lastKnownFileType = sourcecode.c.objc; path = MapViewController.m; sourceTree = "<group>"; };
		C456924F260649D10078EED5 /* FavoriteTicket.xcdatamodel */ = {isa = PBXFileReference; lastKnownFileType = wrapper.xcdatamodel; path = FavoriteTicket.xcdatamodel; sourceTree = "<group>"; };
		C456925326064C790078EED5 /* FavoriteTicket+CoreDataProperties.m */ = {isa = PBXFileReference; fileEncoding = 4; lastKnownFileType = sourcecode.c.objc; path = "FavoriteTicket+CoreDataProperties.m"; sourceTree = "<group>"; };
		C456925426064C790078EED5 /* FavoriteTicket+CoreDataProperties.h */ = {isa = PBXFileReference; fileEncoding = 4; lastKnownFileType = sourcecode.c.h; path = "FavoriteTicket+CoreDataProperties.h"; sourceTree = "<group>"; };
		C456925526064C7A0078EED5 /* FavoriteTicket+CoreDataClass.m */ = {isa = PBXFileReference; fileEncoding = 4; lastKnownFileType = sourcecode.c.objc; path = "FavoriteTicket+CoreDataClass.m"; sourceTree = "<group>"; };
		C456925626064C7A0078EED5 /* FavoriteTicket+CoreDataClass.h */ = {isa = PBXFileReference; fileEncoding = 4; lastKnownFileType = sourcecode.c.h; path = "FavoriteTicket+CoreDataClass.h"; sourceTree = "<group>"; };
		C456925A26064CC80078EED5 /* CoreDataHelper.h */ = {isa = PBXFileReference; lastKnownFileType = sourcecode.c.h; path = CoreDataHelper.h; sourceTree = "<group>"; };
		C456925B26064CC80078EED5 /* CoreDataHelper.m */ = {isa = PBXFileReference; lastKnownFileType = sourcecode.c.objc; path = CoreDataHelper.m; sourceTree = "<group>"; };
		C456926D260659FD0078EED5 /* FavoriteMapPrice+CoreDataClass.m */ = {isa = PBXFileReference; fileEncoding = 4; lastKnownFileType = sourcecode.c.objc; name = "FavoriteMapPrice+CoreDataClass.m"; path = "../../../../../.Trash/FavoriteMapPrice+CoreDataClass.m"; sourceTree = "<group>"; };
		C456926E260659FD0078EED5 /* FavoriteMapPrice+CoreDataClass.h */ = {isa = PBXFileReference; fileEncoding = 4; lastKnownFileType = sourcecode.c.h; name = "FavoriteMapPrice+CoreDataClass.h"; path = "../../../../../.Trash/FavoriteMapPrice+CoreDataClass.h"; sourceTree = "<group>"; };
		C456926F260659FD0078EED5 /* FavoriteMapPrice+CoreDataProperties.h */ = {isa = PBXFileReference; fileEncoding = 4; lastKnownFileType = sourcecode.c.h; name = "FavoriteMapPrice+CoreDataProperties.h"; path = "../../../../../.Trash/FavoriteMapPrice+CoreDataProperties.h"; sourceTree = "<group>"; };
		C4569270260659FD0078EED5 /* FavoriteMapPrice+CoreDataProperties.m */ = {isa = PBXFileReference; fileEncoding = 4; lastKnownFileType = sourcecode.c.objc; name = "FavoriteMapPrice+CoreDataProperties.m"; path = "../../../../../.Trash/FavoriteMapPrice+CoreDataProperties.m"; sourceTree = "<group>"; };
		C458CDE025F500D2004D9A5A /* PlaceViewController.h */ = {isa = PBXFileReference; lastKnownFileType = sourcecode.c.h; path = PlaceViewController.h; sourceTree = "<group>"; };
		C458CDE125F500D2004D9A5A /* PlaceViewController.m */ = {isa = PBXFileReference; lastKnownFileType = sourcecode.c.objc; path = PlaceViewController.m; sourceTree = "<group>"; };
		C458CDE425F50350004D9A5A /* SearchRequest.h */ = {isa = PBXFileReference; lastKnownFileType = sourcecode.c.h; path = SearchRequest.h; sourceTree = "<group>"; };
		C458CDE725F508E2004D9A5A /* PlaceCell.h */ = {isa = PBXFileReference; lastKnownFileType = sourcecode.c.h; path = PlaceCell.h; sourceTree = "<group>"; };
		C458CDE825F508E2004D9A5A /* PlaceCell.m */ = {isa = PBXFileReference; lastKnownFileType = sourcecode.c.objc; path = PlaceCell.m; sourceTree = "<group>"; };
		C45927E525EFD54600CFE731 /* aviaTickets.app */ = {isa = PBXFileReference; explicitFileType = wrapper.application; includeInIndex = 0; path = aviaTickets.app; sourceTree = BUILT_PRODUCTS_DIR; };
		C45927E825EFD54600CFE731 /* AppDelegate.h */ = {isa = PBXFileReference; lastKnownFileType = sourcecode.c.h; path = AppDelegate.h; sourceTree = "<group>"; };
		C45927E925EFD54600CFE731 /* AppDelegate.m */ = {isa = PBXFileReference; lastKnownFileType = sourcecode.c.objc; path = AppDelegate.m; sourceTree = "<group>"; };
		C45927EE25EFD54600CFE731 /* ViewController.h */ = {isa = PBXFileReference; lastKnownFileType = sourcecode.c.h; path = ViewController.h; sourceTree = "<group>"; };
		C45927EF25EFD54600CFE731 /* ViewController.m */ = {isa = PBXFileReference; lastKnownFileType = sourcecode.c.objc; path = ViewController.m; sourceTree = "<group>"; };
		C45927F525EFD54600CFE731 /* aviaTickets.xcdatamodel */ = {isa = PBXFileReference; lastKnownFileType = wrapper.xcdatamodel; path = aviaTickets.xcdatamodel; sourceTree = "<group>"; };
		C45927F725EFD54800CFE731 /* Assets.xcassets */ = {isa = PBXFileReference; lastKnownFileType = folder.assetcatalog; path = Assets.xcassets; sourceTree = "<group>"; };
		C45927FA25EFD54800CFE731 /* Base */ = {isa = PBXFileReference; lastKnownFileType = file.storyboard; name = Base; path = Base.lproj/LaunchScreen.storyboard; sourceTree = "<group>"; };
		C45927FC25EFD54800CFE731 /* Info.plist */ = {isa = PBXFileReference; lastKnownFileType = text.plist.xml; path = Info.plist; sourceTree = "<group>"; };
		C45927FD25EFD54800CFE731 /* main.m */ = {isa = PBXFileReference; lastKnownFileType = sourcecode.c.objc; path = main.m; sourceTree = "<group>"; };
		C459280825EFFD6300CFE731 /* TicketsViewController.h */ = {isa = PBXFileReference; lastKnownFileType = sourcecode.c.h; path = TicketsViewController.h; sourceTree = "<group>"; };
		C459280925EFFD6300CFE731 /* TicketsViewController.m */ = {isa = PBXFileReference; lastKnownFileType = sourcecode.c.objc; path = TicketsViewController.m; sourceTree = "<group>"; };
		C459280E25F0051700CFE731 /* Country.h */ = {isa = PBXFileReference; lastKnownFileType = sourcecode.c.h; path = Country.h; sourceTree = "<group>"; };
		C459280F25F0051700CFE731 /* Country.m */ = {isa = PBXFileReference; lastKnownFileType = sourcecode.c.objc; path = Country.m; sourceTree = "<group>"; };
		C459281225F005B300CFE731 /* City.h */ = {isa = PBXFileReference; lastKnownFileType = sourcecode.c.h; path = City.h; sourceTree = "<group>"; };
		C459281325F005B300CFE731 /* City.m */ = {isa = PBXFileReference; lastKnownFileType = sourcecode.c.objc; path = City.m; sourceTree = "<group>"; };
		C459281625F0063C00CFE731 /* Airport.h */ = {isa = PBXFileReference; lastKnownFileType = sourcecode.c.h; path = Airport.h; sourceTree = "<group>"; };
		C459281725F0063C00CFE731 /* Airport.m */ = {isa = PBXFileReference; lastKnownFileType = sourcecode.c.objc; path = Airport.m; sourceTree = "<group>"; };
		C459281B25F0072100CFE731 /* DataManager.h */ = {isa = PBXFileReference; lastKnownFileType = sourcecode.c.h; path = DataManager.h; sourceTree = "<group>"; };
		C459281C25F0072100CFE731 /* DataManager.m */ = {isa = PBXFileReference; lastKnownFileType = sourcecode.c.objc; path = DataManager.m; sourceTree = "<group>"; };
		C459282025F00A6100CFE731 /* cities.json */ = {isa = PBXFileReference; fileEncoding = 4; lastKnownFileType = text.json; path = cities.json; sourceTree = "<group>"; };
		C459282125F00A6100CFE731 /* airports.json */ = {isa = PBXFileReference; fileEncoding = 4; lastKnownFileType = text.json; path = airports.json; sourceTree = "<group>"; };
		C459282225F00A6100CFE731 /* countries.json */ = {isa = PBXFileReference; fileEncoding = 4; lastKnownFileType = text.json; path = countries.json; sourceTree = "<group>"; };
		C461CC0A25F8F10D00487B12 /* APIManager.h */ = {isa = PBXFileReference; lastKnownFileType = sourcecode.c.h; path = APIManager.h; sourceTree = "<group>"; };
		C461CC0B25F8F10D00487B12 /* APIManager.m */ = {isa = PBXFileReference; lastKnownFileType = sourcecode.c.objc; path = APIManager.m; sourceTree = "<group>"; };
		C461CC0E25F8F75200487B12 /* Ticket.h */ = {isa = PBXFileReference; lastKnownFileType = sourcecode.c.h; path = Ticket.h; sourceTree = "<group>"; };
		C461CC0F25F8F75200487B12 /* Ticket.m */ = {isa = PBXFileReference; lastKnownFileType = sourcecode.c.objc; path = Ticket.m; sourceTree = "<group>"; };
		C461CC1725F8FADC00487B12 /* TicketTableViewCell.h */ = {isa = PBXFileReference; lastKnownFileType = sourcecode.c.h; path = TicketTableViewCell.h; sourceTree = "<group>"; };
		C461CC1825F8FADC00487B12 /* TicketTableViewCell.m */ = {isa = PBXFileReference; lastKnownFileType = sourcecode.c.objc; path = TicketTableViewCell.m; sourceTree = "<group>"; };
		C461CC1B25F9020D00487B12 /* Feed.h */ = {isa = PBXFileReference; lastKnownFileType = sourcecode.c.h; path = Feed.h; sourceTree = "<group>"; };
		C461CC1C25F9020D00487B12 /* Feed.m */ = {isa = PBXFileReference; lastKnownFileType = sourcecode.c.objc; path = Feed.m; sourceTree = "<group>"; };
		C461CC2325F9043400487B12 /* FeedTableViewCell.h */ = {isa = PBXFileReference; lastKnownFileType = sourcecode.c.h; path = FeedTableViewCell.h; sourceTree = "<group>"; };
		C461CC2425F9043400487B12 /* FeedTableViewCell.m */ = {isa = PBXFileReference; lastKnownFileType = sourcecode.c.objc; path = FeedTableViewCell.m; sourceTree = "<group>"; };
		C461CC2725F9070600487B12 /* FeedsViewController.h */ = {isa = PBXFileReference; lastKnownFileType = sourcecode.c.h; path = FeedsViewController.h; sourceTree = "<group>"; };
		C461CC2825F9070600487B12 /* FeedsViewController.m */ = {isa = PBXFileReference; lastKnownFileType = sourcecode.c.objc; path = FeedsViewController.m; sourceTree = "<group>"; };
		C461CC2C25F9075300487B12 /* FeedViewController.h */ = {isa = PBXFileReference; lastKnownFileType = sourcecode.c.h; path = FeedViewController.h; sourceTree = "<group>"; };
		C461CC2D25F9075400487B12 /* FeedViewController.m */ = {isa = PBXFileReference; lastKnownFileType = sourcecode.c.objc; path = FeedViewController.m; sourceTree = "<group>"; };
		C488ADBD2600D345002A1E83 /* TabBarController.h */ = {isa = PBXFileReference; lastKnownFileType = sourcecode.c.h; path = TabBarController.h; sourceTree = "<group>"; };
		C488ADBE2600D345002A1E83 /* TabBarController.m */ = {isa = PBXFileReference; lastKnownFileType = sourcecode.c.objc; path = TabBarController.m; sourceTree = "<group>"; };
		C488ADC12600FC50002A1E83 /* PlaceCollectionCell.h */ = {isa = PBXFileReference; lastKnownFileType = sourcecode.c.h; path = PlaceCollectionCell.h; sourceTree = "<group>"; };
		C488ADC22600FC50002A1E83 /* PlaceCollectionCell.m */ = {isa = PBXFileReference; lastKnownFileType = sourcecode.c.objc; path = PlaceCollectionCell.m; sourceTree = "<group>"; };
		C4DFFCDE26175B3C007D8C78 /* ru */ = {isa = PBXFileReference; lastKnownFileType = text.plist.strings; name = ru; path = ru.lproj/LaunchScreen.strings; sourceTree = "<group>"; };
		C4DFFCE026175B69007D8C78 /* Base */ = {isa = PBXFileReference; lastKnownFileType = text.plist.strings; name = Base; path = aviaTickets/Base.lproj/Localizable.strings; sourceTree = SOURCE_ROOT; };
		C4DFFCE326175B74007D8C78 /* ru */ = {isa = PBXFileReference; lastKnownFileType = text.plist.strings; name = ru; path = ../ru.lproj/Localizable.strings; sourceTree = "<group>"; };
		C4DFFCE426175B7E007D8C78 /* en */ = {isa = PBXFileReference; lastKnownFileType = text.plist.strings; name = en; path = ../en.lproj/Localizable.strings; sourceTree = "<group>"; };
		C4DFFCE6261768F6007D8C78 /* bg-BG */ = {isa = PBXFileReference; lastKnownFileType = text.plist.strings; name = "bg-BG"; path = "../bg-BG.lproj/Localizable.strings"; sourceTree = "<group>"; };
/* End PBXFileReference section */

/* Begin PBXFrameworksBuildPhase section */
		C45927E225EFD54600CFE731 /* Frameworks */ = {
			isa = PBXFrameworksBuildPhase;
			buildActionMask = 2147483647;
			files = (
				DD4D3850F8F0501786E6A9EE /* Pods_aviaTickets.framework in Frameworks */,
			);
			runOnlyForDeploymentPostprocessing = 0;
		};
/* End PBXFrameworksBuildPhase section */

/* Begin PBXGroup section */
		B81440F2FDFD137E73BD07A5 /* Frameworks */ = {
			isa = PBXGroup;
			children = (
				55D54B136D28D41E1CC2DDE1 /* Pods_aviaTickets.framework */,
			);
			name = Frameworks;
			sourceTree = "<group>";
		};
		C4180E89260A3E3300EA96F9 /* Content */ = {
			isa = PBXGroup;
			children = (
				C4180E8A260A3E5000EA96F9 /* ContentViewController.h */,
				C4180E8B260A3E5000EA96F9 /* ContentViewController.m */,
			);
			path = Content;
			sourceTree = "<group>";
		};
		C4180E8E260A3F4900EA96F9 /* PageVC */ = {
			isa = PBXGroup;
			children = (
				C4180E8F260A3F6300EA96F9 /* FirstViewController.h */,
				C4180E90260A3F6300EA96F9 /* FirstViewController.m */,
			);
			path = PageVC;
			sourceTree = "<group>";
		};
		C4180E94260A43F100EA96F9 /* ProgressView */ = {
			isa = PBXGroup;
			children = (
				C4180E95260A440D00EA96F9 /* ProgressView.h */,
				C4180E96260A440D00EA96F9 /* ProgressView.m */,
			);
			path = ProgressView;
			sourceTree = "<group>";
		};
		C4180E99260A604000EA96F9 /* Notifications */ = {
			isa = PBXGroup;
			children = (
				C4180E9A260A606100EA96F9 /* NotificationCenter.h */,
				C4180E9B260A606100EA96F9 /* NotificationCenter.m */,
			);
			path = Notifications;
			sourceTree = "<group>";
		};
		C43E07542614A31D008FEEC6 /* NSString+Localization */ = {
			isa = PBXGroup;
			children = (
				C43E07502614A249008FEEC6 /* NSString+Localization.h */,
				C43E07512614A249008FEEC6 /* NSString+Localization.m */,
			);
			path = "NSString+Localization";
			sourceTree = "<group>";
		};
		C456924D260649820078EED5 /* CoreData */ = {
			isa = PBXGroup;
			children = (
				C456925226064C5D0078EED5 /* DBModels */,
				C456924E260649D10078EED5 /* DataModel.xcdatamodeld */,
				C456925A26064CC80078EED5 /* CoreDataHelper.h */,
				C456925B26064CC80078EED5 /* CoreDataHelper.m */,
			);
			path = CoreData;
			sourceTree = "<group>";
		};
		C456925226064C5D0078EED5 /* DBModels */ = {
			isa = PBXGroup;
			children = (
				C456926E260659FD0078EED5 /* FavoriteMapPrice+CoreDataClass.h */,
				C456926D260659FD0078EED5 /* FavoriteMapPrice+CoreDataClass.m */,
				C456926F260659FD0078EED5 /* FavoriteMapPrice+CoreDataProperties.h */,
				C4569270260659FD0078EED5 /* FavoriteMapPrice+CoreDataProperties.m */,
				C456925426064C790078EED5 /* FavoriteTicket+CoreDataProperties.h */,
				C456925626064C7A0078EED5 /* FavoriteTicket+CoreDataClass.h */,
				C456925526064C7A0078EED5 /* FavoriteTicket+CoreDataClass.m */,
				C456925326064C790078EED5 /* FavoriteTicket+CoreDataProperties.m */,
			);
			path = DBModels;
			sourceTree = "<group>";
		};
		C458CDE625F5086E004D9A5A /* Cells */ = {
			isa = PBXGroup;
			children = (
				C488ADC52600FE19002A1E83 /* PlaceTableViewCell */,
				C488ADC72600FE35002A1E83 /* FeedTableViewCell */,
				C488ADC92600FE48002A1E83 /* PlaceCollectionViewCell */,
				C488ADCA2600FE59002A1E83 /* TicketsTableViewCell */,
			);
			path = Cells;
			sourceTree = "<group>";
		};
		C458CDEB25F50D1B004D9A5A /* App */ = {
			isa = PBXGroup;
			children = (
				C45927E825EFD54600CFE731 /* AppDelegate.h */,
				C488ADBD2600D345002A1E83 /* TabBarController.h */,
				C488ADBE2600D345002A1E83 /* TabBarController.m */,
				C45927E925EFD54600CFE731 /* AppDelegate.m */,
			);
			path = App;
			sourceTree = "<group>";
		};
		C45927DC25EFD54600CFE731 = {
			isa = PBXGroup;
			children = (
				C45927E725EFD54600CFE731 /* aviaTickets */,
				C45927E625EFD54600CFE731 /* Products */,
				C69BD80235AAF515C01849DD /* Pods */,
				B81440F2FDFD137E73BD07A5 /* Frameworks */,
			);
			sourceTree = "<group>";
		};
		C45927E625EFD54600CFE731 /* Products */ = {
			isa = PBXGroup;
			children = (
				C45927E525EFD54600CFE731 /* aviaTickets.app */,
			);
			name = Products;
			sourceTree = "<group>";
		};
		C45927E725EFD54600CFE731 /* aviaTickets */ = {
			isa = PBXGroup;
			children = (
				C4180E99260A604000EA96F9 /* Notifications */,
				C4180E94260A43F100EA96F9 /* ProgressView */,
				C456924D260649820078EED5 /* CoreData */,
				C458CDE625F5086E004D9A5A /* Cells */,
				C458CDEB25F50D1B004D9A5A /* App */,
				C459281A25F006FE00CFE731 /* Services */,
				C459280D25F004F600CFE731 /* Models */,
				C459280725EFFD2F00CFE731 /* Controllers */,
				C459282725F00AD900CFE731 /* Resourses */,
				C45927F925EFD54800CFE731 /* LaunchScreen.storyboard */,
				C45927FC25EFD54800CFE731 /* Info.plist */,
				C45927FD25EFD54800CFE731 /* main.m */,
				C45927F425EFD54600CFE731 /* aviaTickets.xcdatamodeld */,
			);
			path = aviaTickets;
			sourceTree = "<group>";
		};
		C459280725EFFD2F00CFE731 /* Controllers */ = {
			isa = PBXGroup;
			children = (
				C4180E8E260A3F4900EA96F9 /* PageVC */,
				C4180E89260A3E3300EA96F9 /* Content */,
				C46D511D25FFB22700C26EBC /* Main */,
				C46D511925FFB1F600C26EBC /* Map */,
				C46D511A25FFB20500C26EBC /* Tickets */,
				C46D511B25FFB21A00C26EBC /* Place */,
				C461CC2B25F9070C00487B12 /* Feeds */,
			);
			path = Controllers;
			sourceTree = "<group>";
		};
		C459280D25F004F600CFE731 /* Models */ = {
			isa = PBXGroup;
			children = (
				C459280E25F0051700CFE731 /* Country.h */,
				C43FD45125FE6CB700BBAFA1 /* MapPrice.h */,
				C43FD45225FE6CB700BBAFA1 /* MapPrice.m */,
				C459280F25F0051700CFE731 /* Country.m */,
				C459281225F005B300CFE731 /* City.h */,
				C459281325F005B300CFE731 /* City.m */,
				C461CC1B25F9020D00487B12 /* Feed.h */,
				C461CC1C25F9020D00487B12 /* Feed.m */,
				C459281625F0063C00CFE731 /* Airport.h */,
				C459281725F0063C00CFE731 /* Airport.m */,
				C461CC0E25F8F75200487B12 /* Ticket.h */,
				C461CC0F25F8F75200487B12 /* Ticket.m */,
			);
			path = Models;
			sourceTree = "<group>";
		};
		C459281A25F006FE00CFE731 /* Services */ = {
			isa = PBXGroup;
			children = (
				C459281B25F0072100CFE731 /* DataManager.h */,
				C43FD44D25FE697100BBAFA1 /* LocationService.h */,
				C43FD44E25FE697100BBAFA1 /* LocationService.m */,
				C458CDE425F50350004D9A5A /* SearchRequest.h */,
				C459281C25F0072100CFE731 /* DataManager.m */,
				C461CC0A25F8F10D00487B12 /* APIManager.h */,
				C461CC0B25F8F10D00487B12 /* APIManager.m */,
			);
			path = Services;
			sourceTree = "<group>";
		};
		C459282725F00AD900CFE731 /* Resourses */ = {
			isa = PBXGroup;
			children = (
				C43E07542614A31D008FEEC6 /* NSString+Localization */,
				C45927F725EFD54800CFE731 /* Assets.xcassets */,
				C459282225F00A6100CFE731 /* countries.json */,
				C459282125F00A6100CFE731 /* airports.json */,
				C459282025F00A6100CFE731 /* cities.json */,
				C4DFFCDF26175B69007D8C78 /* Localizable.strings */,
			);
			path = Resourses;
			sourceTree = "<group>";
		};
		C461CC2B25F9070C00487B12 /* Feeds */ = {
			isa = PBXGroup;
			children = (
				C461CC2825F9070600487B12 /* FeedsViewController.m */,
				C461CC2725F9070600487B12 /* FeedsViewController.h */,
				C461CC2C25F9075300487B12 /* FeedViewController.h */,
				C461CC2D25F9075400487B12 /* FeedViewController.m */,
			);
			path = Feeds;
			sourceTree = "<group>";
		};
		C46D511925FFB1F600C26EBC /* Map */ = {
			isa = PBXGroup;
			children = (
				C43FD45525FE6E0600BBAFA1 /* MapViewController.h */,
				C43FD45625FE6E0600BBAFA1 /* MapViewController.m */,
			);
			path = Map;
			sourceTree = "<group>";
		};
		C46D511A25FFB20500C26EBC /* Tickets */ = {
			isa = PBXGroup;
			children = (
				C459280825EFFD6300CFE731 /* TicketsViewController.h */,
				C459280925EFFD6300CFE731 /* TicketsViewController.m */,
			);
			path = Tickets;
			sourceTree = "<group>";
		};
		C46D511B25FFB21A00C26EBC /* Place */ = {
			isa = PBXGroup;
			children = (
				C458CDE025F500D2004D9A5A /* PlaceViewController.h */,
				C458CDE125F500D2004D9A5A /* PlaceViewController.m */,
			);
			path = Place;
			sourceTree = "<group>";
		};
		C46D511D25FFB22700C26EBC /* Main */ = {
			isa = PBXGroup;
			children = (
				C45927EE25EFD54600CFE731 /* ViewController.h */,
				C45927EF25EFD54600CFE731 /* ViewController.m */,
			);
			path = Main;
			sourceTree = "<group>";
		};
		C488ADC52600FE19002A1E83 /* PlaceTableViewCell */ = {
			isa = PBXGroup;
			children = (
				C458CDE725F508E2004D9A5A /* PlaceCell.h */,
				C458CDE825F508E2004D9A5A /* PlaceCell.m */,
			);
			path = PlaceTableViewCell;
			sourceTree = "<group>";
		};
		C488ADC72600FE35002A1E83 /* FeedTableViewCell */ = {
			isa = PBXGroup;
			children = (
				C461CC2325F9043400487B12 /* FeedTableViewCell.h */,
				C461CC2425F9043400487B12 /* FeedTableViewCell.m */,
			);
			path = FeedTableViewCell;
			sourceTree = "<group>";
		};
		C488ADC92600FE48002A1E83 /* PlaceCollectionViewCell */ = {
			isa = PBXGroup;
			children = (
				C488ADC12600FC50002A1E83 /* PlaceCollectionCell.h */,
				C488ADC22600FC50002A1E83 /* PlaceCollectionCell.m */,
			);
			path = PlaceCollectionViewCell;
			sourceTree = "<group>";
		};
		C488ADCA2600FE59002A1E83 /* TicketsTableViewCell */ = {
			isa = PBXGroup;
			children = (
				C461CC1725F8FADC00487B12 /* TicketTableViewCell.h */,
				C461CC1825F8FADC00487B12 /* TicketTableViewCell.m */,
			);
			path = TicketsTableViewCell;
			sourceTree = "<group>";
		};
		C69BD80235AAF515C01849DD /* Pods */ = {
			isa = PBXGroup;
			children = (
				605F02B1C743EEBE7AD7B108 /* Pods-aviaTickets.debug.xcconfig */,
				49728F49CCEFA735C414D3FF /* Pods-aviaTickets.release.xcconfig */,
			);
			path = Pods;
			sourceTree = "<group>";
		};
/* End PBXGroup section */

/* Begin PBXNativeTarget section */
		C45927E425EFD54600CFE731 /* aviaTickets */ = {
			isa = PBXNativeTarget;
			buildConfigurationList = C459280125EFD54800CFE731 /* Build configuration list for PBXNativeTarget "aviaTickets" */;
			buildPhases = (
				18D5FD7EF97D9A27CEA0FC6E /* [CP] Check Pods Manifest.lock */,
				C45927E125EFD54600CFE731 /* Sources */,
				C45927E225EFD54600CFE731 /* Frameworks */,
				C45927E325EFD54600CFE731 /* Resources */,
				FE8252CF14A6971D15E78CEB /* [CP] Embed Pods Frameworks */,
			);
			buildRules = (
			);
			dependencies = (
			);
			name = aviaTickets;
			productName = aviaTickets;
			productReference = C45927E525EFD54600CFE731 /* aviaTickets.app */;
			productType = "com.apple.product-type.application";
		};
/* End PBXNativeTarget section */

/* Begin PBXProject section */
		C45927DD25EFD54600CFE731 /* Project object */ = {
			isa = PBXProject;
			attributes = {
				LastUpgradeCheck = 1240;
				TargetAttributes = {
					C45927E425EFD54600CFE731 = {
						CreatedOnToolsVersion = 12.4;
						LastSwiftMigration = 1240;
					};
				};
			};
			buildConfigurationList = C45927E025EFD54600CFE731 /* Build configuration list for PBXProject "aviaTickets" */;
			compatibilityVersion = "Xcode 9.3";
			developmentRegion = en;
			hasScannedForEncodings = 0;
			knownRegions = (
				en,
				Base,
				ru,
				"bg-BG",
			);
			mainGroup = C45927DC25EFD54600CFE731;
			productRefGroup = C45927E625EFD54600CFE731 /* Products */;
			projectDirPath = "";
			projectRoot = "";
			targets = (
				C45927E425EFD54600CFE731 /* aviaTickets */,
			);
		};
/* End PBXProject section */

/* Begin PBXResourcesBuildPhase section */
		C45927E325EFD54600CFE731 /* Resources */ = {
			isa = PBXResourcesBuildPhase;
			buildActionMask = 2147483647;
			files = (
				C459282325F00A6100CFE731 /* cities.json in Resources */,
				C4DFFCE126175B69007D8C78 /* Localizable.strings in Resources */,
				C459282425F00A6100CFE731 /* airports.json in Resources */,
				C45927FB25EFD54800CFE731 /* LaunchScreen.storyboard in Resources */,
				C459282525F00A6100CFE731 /* countries.json in Resources */,
				C45927F825EFD54800CFE731 /* Assets.xcassets in Resources */,
			);
			runOnlyForDeploymentPostprocessing = 0;
		};
/* End PBXResourcesBuildPhase section */

/* Begin PBXShellScriptBuildPhase section */
		18D5FD7EF97D9A27CEA0FC6E /* [CP] Check Pods Manifest.lock */ = {
			isa = PBXShellScriptBuildPhase;
			buildActionMask = 2147483647;
			files = (
			);
			inputFileListPaths = (
			);
			inputPaths = (
				"${PODS_PODFILE_DIR_PATH}/Podfile.lock",
				"${PODS_ROOT}/Manifest.lock",
			);
			name = "[CP] Check Pods Manifest.lock";
			outputFileListPaths = (
			);
			outputPaths = (
				"$(DERIVED_FILE_DIR)/Pods-aviaTickets-checkManifestLockResult.txt",
			);
			runOnlyForDeploymentPostprocessing = 0;
			shellPath = /bin/sh;
			shellScript = "diff \"${PODS_PODFILE_DIR_PATH}/Podfile.lock\" \"${PODS_ROOT}/Manifest.lock\" > /dev/null\nif [ $? != 0 ] ; then\n    # print error to STDERR\n    echo \"error: The sandbox is not in sync with the Podfile.lock. Run 'pod install' or update your CocoaPods installation.\" >&2\n    exit 1\nfi\n# This output is used by Xcode 'outputs' to avoid re-running this script phase.\necho \"SUCCESS\" > \"${SCRIPT_OUTPUT_FILE_0}\"\n";
			showEnvVarsInLog = 0;
		};
		FE8252CF14A6971D15E78CEB /* [CP] Embed Pods Frameworks */ = {
			isa = PBXShellScriptBuildPhase;
			buildActionMask = 2147483647;
			files = (
			);
			inputFileListPaths = (
				"${PODS_ROOT}/Target Support Files/Pods-aviaTickets/Pods-aviaTickets-frameworks-${CONFIGURATION}-input-files.xcfilelist",
			);
			name = "[CP] Embed Pods Frameworks";
			outputFileListPaths = (
				"${PODS_ROOT}/Target Support Files/Pods-aviaTickets/Pods-aviaTickets-frameworks-${CONFIGURATION}-output-files.xcfilelist",
			);
			runOnlyForDeploymentPostprocessing = 0;
			shellPath = /bin/sh;
			shellScript = "\"${PODS_ROOT}/Target Support Files/Pods-aviaTickets/Pods-aviaTickets-frameworks.sh\"\n";
			showEnvVarsInLog = 0;
		};
/* End PBXShellScriptBuildPhase section */

/* Begin PBXSourcesBuildPhase section */
		C45927E125EFD54600CFE731 /* Sources */ = {
			isa = PBXSourcesBuildPhase;
			buildActionMask = 2147483647;
			files = (
				C43FD44F25FE697100BBAFA1 /* LocationService.m in Sources */,
				C456925826064C7A0078EED5 /* FavoriteTicket+CoreDataClass.m in Sources */,
				C461CC2925F9070600487B12 /* FeedsViewController.m in Sources */,
				C461CC1D25F9020D00487B12 /* Feed.m in Sources */,
				C45927FE25EFD54800CFE731 /* main.m in Sources */,
				C459280A25EFFD6300CFE731 /* TicketsViewController.m in Sources */,
				C488ADBF2600D345002A1E83 /* TabBarController.m in Sources */,
				C458CDE925F508E2004D9A5A /* PlaceCell.m in Sources */,
				C4180E9C260A606100EA96F9 /* NotificationCenter.m in Sources */,
				C43FD45725FE6E0600BBAFA1 /* MapViewController.m in Sources */,
				C458CDE225F500D2004D9A5A /* PlaceViewController.m in Sources */,
				C456925726064C7A0078EED5 /* FavoriteTicket+CoreDataProperties.m in Sources */,
				C461CC2525F9043400487B12 /* FeedTableViewCell.m in Sources */,
				C45927F625EFD54600CFE731 /* aviaTickets.xcdatamodeld in Sources */,
				C4569271260659FD0078EED5 /* FavoriteMapPrice+CoreDataClass.m in Sources */,
				C4180E91260A3F6300EA96F9 /* FirstViewController.m in Sources */,
				C45927F025EFD54600CFE731 /* ViewController.m in Sources */,
				C4569272260659FD0078EED5 /* FavoriteMapPrice+CoreDataProperties.m in Sources */,
				C461CC1025F8F75200487B12 /* Ticket.m in Sources */,
				C459281025F0051700CFE731 /* Country.m in Sources */,
				C459281825F0063C00CFE731 /* Airport.m in Sources */,
				C461CC0C25F8F10D00487B12 /* APIManager.m in Sources */,
				C43FD45325FE6CB700BBAFA1 /* MapPrice.m in Sources */,
				C459281425F005B300CFE731 /* City.m in Sources */,
				C459281D25F0072100CFE731 /* DataManager.m in Sources */,
				C456925C26064CC80078EED5 /* CoreDataHelper.m in Sources */,
				C43E07522614A249008FEEC6 /* NSString+Localization.m in Sources */,
				C4180E97260A440D00EA96F9 /* ProgressView.m in Sources */,
				C45927EA25EFD54600CFE731 /* AppDelegate.m in Sources */,
				C461CC2E25F9075400487B12 /* FeedViewController.m in Sources */,
				C4180E8C260A3E5000EA96F9 /* ContentViewController.m in Sources */,
				C461CC1925F8FADC00487B12 /* TicketTableViewCell.m in Sources */,
				C488ADC32600FC50002A1E83 /* PlaceCollectionCell.m in Sources */,
				C4569250260649D10078EED5 /* DataModel.xcdatamodeld in Sources */,
			);
			runOnlyForDeploymentPostprocessing = 0;
		};
/* End PBXSourcesBuildPhase section */

/* Begin PBXVariantGroup section */
		C45927F925EFD54800CFE731 /* LaunchScreen.storyboard */ = {
			isa = PBXVariantGroup;
			children = (
				C45927FA25EFD54800CFE731 /* Base */,
				C4DFFCDE26175B3C007D8C78 /* ru */,
			);
			name = LaunchScreen.storyboard;
			sourceTree = "<group>";
		};
		C4DFFCDF26175B69007D8C78 /* Localizable.strings */ = {
			isa = PBXVariantGroup;
			children = (
				C4DFFCE026175B69007D8C78 /* Base */,
				C4DFFCE326175B74007D8C78 /* ru */,
				C4DFFCE426175B7E007D8C78 /* en */,
				C4DFFCE6261768F6007D8C78 /* bg-BG */,
			);
			name = Localizable.strings;
			sourceTree = "<group>";
		};
/* End PBXVariantGroup section */

/* Begin XCBuildConfiguration section */
		C45927FF25EFD54800CFE731 /* Debug */ = {
			isa = XCBuildConfiguration;
			buildSettings = {
				ALWAYS_SEARCH_USER_PATHS = NO;
				CLANG_ANALYZER_LOCALIZABILITY_NONLOCALIZED = YES;
				CLANG_ANALYZER_NONNULL = YES;
				CLANG_ANALYZER_NUMBER_OBJECT_CONVERSION = YES_AGGRESSIVE;
				CLANG_CXX_LANGUAGE_STANDARD = "gnu++14";
				CLANG_CXX_LIBRARY = "libc++";
				CLANG_ENABLE_MODULES = YES;
				CLANG_ENABLE_OBJC_ARC = YES;
				CLANG_ENABLE_OBJC_WEAK = YES;
				CLANG_WARN_BLOCK_CAPTURE_AUTORELEASING = YES;
				CLANG_WARN_BOOL_CONVERSION = YES;
				CLANG_WARN_COMMA = YES;
				CLANG_WARN_CONSTANT_CONVERSION = YES;
				CLANG_WARN_DEPRECATED_OBJC_IMPLEMENTATIONS = YES;
				CLANG_WARN_DIRECT_OBJC_ISA_USAGE = YES_ERROR;
				CLANG_WARN_DOCUMENTATION_COMMENTS = YES;
				CLANG_WARN_EMPTY_BODY = YES;
				CLANG_WARN_ENUM_CONVERSION = YES;
				CLANG_WARN_INFINITE_RECURSION = YES;
				CLANG_WARN_INT_CONVERSION = YES;
				CLANG_WARN_NON_LITERAL_NULL_CONVERSION = YES;
				CLANG_WARN_OBJC_IMPLICIT_RETAIN_SELF = YES;
				CLANG_WARN_OBJC_LITERAL_CONVERSION = YES;
				CLANG_WARN_OBJC_ROOT_CLASS = YES_ERROR;
				CLANG_WARN_QUOTED_INCLUDE_IN_FRAMEWORK_HEADER = YES;
				CLANG_WARN_RANGE_LOOP_ANALYSIS = YES;
				CLANG_WARN_STRICT_PROTOTYPES = YES;
				CLANG_WARN_SUSPICIOUS_MOVE = YES;
				CLANG_WARN_UNGUARDED_AVAILABILITY = YES_AGGRESSIVE;
				CLANG_WARN_UNREACHABLE_CODE = YES;
				CLANG_WARN__DUPLICATE_METHOD_MATCH = YES;
				COPY_PHASE_STRIP = NO;
				DEBUG_INFORMATION_FORMAT = dwarf;
				ENABLE_STRICT_OBJC_MSGSEND = YES;
				ENABLE_TESTABILITY = YES;
				GCC_C_LANGUAGE_STANDARD = gnu11;
				GCC_DYNAMIC_NO_PIC = NO;
				GCC_NO_COMMON_BLOCKS = YES;
				GCC_OPTIMIZATION_LEVEL = 0;
				GCC_PREPROCESSOR_DEFINITIONS = (
					"DEBUG=1",
					"$(inherited)",
				);
				GCC_WARN_64_TO_32_BIT_CONVERSION = YES;
				GCC_WARN_ABOUT_RETURN_TYPE = YES_ERROR;
				GCC_WARN_UNDECLARED_SELECTOR = YES;
				GCC_WARN_UNINITIALIZED_AUTOS = YES_AGGRESSIVE;
				GCC_WARN_UNUSED_FUNCTION = YES;
				GCC_WARN_UNUSED_VARIABLE = YES;
				IPHONEOS_DEPLOYMENT_TARGET = 14.4;
				MTL_ENABLE_DEBUG_INFO = INCLUDE_SOURCE;
				MTL_FAST_MATH = YES;
				ONLY_ACTIVE_ARCH = YES;
				SDKROOT = iphoneos;
			};
			name = Debug;
		};
		C459280025EFD54800CFE731 /* Release */ = {
			isa = XCBuildConfiguration;
			buildSettings = {
				ALWAYS_SEARCH_USER_PATHS = NO;
				CLANG_ANALYZER_LOCALIZABILITY_NONLOCALIZED = YES;
				CLANG_ANALYZER_NONNULL = YES;
				CLANG_ANALYZER_NUMBER_OBJECT_CONVERSION = YES_AGGRESSIVE;
				CLANG_CXX_LANGUAGE_STANDARD = "gnu++14";
				CLANG_CXX_LIBRARY = "libc++";
				CLANG_ENABLE_MODULES = YES;
				CLANG_ENABLE_OBJC_ARC = YES;
				CLANG_ENABLE_OBJC_WEAK = YES;
				CLANG_WARN_BLOCK_CAPTURE_AUTORELEASING = YES;
				CLANG_WARN_BOOL_CONVERSION = YES;
				CLANG_WARN_COMMA = YES;
				CLANG_WARN_CONSTANT_CONVERSION = YES;
				CLANG_WARN_DEPRECATED_OBJC_IMPLEMENTATIONS = YES;
				CLANG_WARN_DIRECT_OBJC_ISA_USAGE = YES_ERROR;
				CLANG_WARN_DOCUMENTATION_COMMENTS = YES;
				CLANG_WARN_EMPTY_BODY = YES;
				CLANG_WARN_ENUM_CONVERSION = YES;
				CLANG_WARN_INFINITE_RECURSION = YES;
				CLANG_WARN_INT_CONVERSION = YES;
				CLANG_WARN_NON_LITERAL_NULL_CONVERSION = YES;
				CLANG_WARN_OBJC_IMPLICIT_RETAIN_SELF = YES;
				CLANG_WARN_OBJC_LITERAL_CONVERSION = YES;
				CLANG_WARN_OBJC_ROOT_CLASS = YES_ERROR;
				CLANG_WARN_QUOTED_INCLUDE_IN_FRAMEWORK_HEADER = YES;
				CLANG_WARN_RANGE_LOOP_ANALYSIS = YES;
				CLANG_WARN_STRICT_PROTOTYPES = YES;
				CLANG_WARN_SUSPICIOUS_MOVE = YES;
				CLANG_WARN_UNGUARDED_AVAILABILITY = YES_AGGRESSIVE;
				CLANG_WARN_UNREACHABLE_CODE = YES;
				CLANG_WARN__DUPLICATE_METHOD_MATCH = YES;
				COPY_PHASE_STRIP = NO;
				DEBUG_INFORMATION_FORMAT = "dwarf-with-dsym";
				ENABLE_NS_ASSERTIONS = NO;
				ENABLE_STRICT_OBJC_MSGSEND = YES;
				GCC_C_LANGUAGE_STANDARD = gnu11;
				GCC_NO_COMMON_BLOCKS = YES;
				GCC_WARN_64_TO_32_BIT_CONVERSION = YES;
				GCC_WARN_ABOUT_RETURN_TYPE = YES_ERROR;
				GCC_WARN_UNDECLARED_SELECTOR = YES;
				GCC_WARN_UNINITIALIZED_AUTOS = YES_AGGRESSIVE;
				GCC_WARN_UNUSED_FUNCTION = YES;
				GCC_WARN_UNUSED_VARIABLE = YES;
				IPHONEOS_DEPLOYMENT_TARGET = 14.4;
				MTL_ENABLE_DEBUG_INFO = NO;
				MTL_FAST_MATH = YES;
				SDKROOT = iphoneos;
				VALIDATE_PRODUCT = YES;
			};
			name = Release;
		};
		C459280225EFD54800CFE731 /* Debug */ = {
			isa = XCBuildConfiguration;
			baseConfigurationReference = 605F02B1C743EEBE7AD7B108 /* Pods-aviaTickets.debug.xcconfig */;
			buildSettings = {
				ASSETCATALOG_COMPILER_APPICON_NAME = AppIcon;
				ASSETCATALOG_COMPILER_GLOBAL_ACCENT_COLOR_NAME = AccentColor;
				CLANG_ENABLE_MODULES = YES;
				CODE_SIGN_STYLE = Automatic;
				INFOPLIST_FILE = aviaTickets/Info.plist;
				LD_RUNPATH_SEARCH_PATHS = (
					"$(inherited)",
					"@executable_path/Frameworks",
				);
				PRODUCT_BUNDLE_IDENTIFIER = my.aviaTickets;
				PRODUCT_NAME = "$(TARGET_NAME)";
				SWIFT_OBJC_BRIDGING_HEADER = "aviaTickets/aviaTickets-Bridging-Header.h";
				SWIFT_OPTIMIZATION_LEVEL = "-Onone";
				SWIFT_VERSION = 5.0;
				TARGETED_DEVICE_FAMILY = "1,2";
			};
			name = Debug;
		};
		C459280325EFD54800CFE731 /* Release */ = {
			isa = XCBuildConfiguration;
			baseConfigurationReference = 49728F49CCEFA735C414D3FF /* Pods-aviaTickets.release.xcconfig */;
			buildSettings = {
				ASSETCATALOG_COMPILER_APPICON_NAME = AppIcon;
				ASSETCATALOG_COMPILER_GLOBAL_ACCENT_COLOR_NAME = AccentColor;
				CLANG_ENABLE_MODULES = YES;
				CODE_SIGN_STYLE = Automatic;
				INFOPLIST_FILE = aviaTickets/Info.plist;
				LD_RUNPATH_SEARCH_PATHS = (
					"$(inherited)",
					"@executable_path/Frameworks",
				);
				PRODUCT_BUNDLE_IDENTIFIER = my.aviaTickets;
				PRODUCT_NAME = "$(TARGET_NAME)";
				SWIFT_OBJC_BRIDGING_HEADER = "aviaTickets/aviaTickets-Bridging-Header.h";
				SWIFT_VERSION = 5.0;
				TARGETED_DEVICE_FAMILY = "1,2";
			};
			name = Release;
		};
/* End XCBuildConfiguration section */

/* Begin XCConfigurationList section */
		C45927E025EFD54600CFE731 /* Build configuration list for PBXProject "aviaTickets" */ = {
			isa = XCConfigurationList;
			buildConfigurations = (
				C45927FF25EFD54800CFE731 /* Debug */,
				C459280025EFD54800CFE731 /* Release */,
			);
			defaultConfigurationIsVisible = 0;
			defaultConfigurationName = Release;
		};
		C459280125EFD54800CFE731 /* Build configuration list for PBXNativeTarget "aviaTickets" */ = {
			isa = XCConfigurationList;
			buildConfigurations = (
				C459280225EFD54800CFE731 /* Debug */,
				C459280325EFD54800CFE731 /* Release */,
			);
			defaultConfigurationIsVisible = 0;
			defaultConfigurationName = Release;
		};
/* End XCConfigurationList section */

/* Begin XCVersionGroup section */
		C456924E260649D10078EED5 /* DataModel.xcdatamodeld */ = {
			isa = XCVersionGroup;
			children = (
				C456924F260649D10078EED5 /* FavoriteTicket.xcdatamodel */,
			);
			currentVersion = C456924F260649D10078EED5 /* FavoriteTicket.xcdatamodel */;
			path = DataModel.xcdatamodeld;
			sourceTree = "<group>";
			versionGroupType = wrapper.xcdatamodel;
		};
		C45927F425EFD54600CFE731 /* aviaTickets.xcdatamodeld */ = {
			isa = XCVersionGroup;
			children = (
				C45927F525EFD54600CFE731 /* aviaTickets.xcdatamodel */,
			);
			currentVersion = C45927F525EFD54600CFE731 /* aviaTickets.xcdatamodel */;
			path = aviaTickets.xcdatamodeld;
			sourceTree = "<group>";
			versionGroupType = wrapper.xcdatamodel;
		};
/* End XCVersionGroup section */
	};
	rootObject = C45927DD25EFD54600CFE731 /* Project object */;
}
