// !$*UTF8*$!
{
	archiveVersion = 1;
	classes = {
	};
	objectVersion = 50;
	objects = {

/* Begin PBXBuildFile section */
		C45927EA25EFD54600CFE731 /* AppDelegate.m in Sources */ = {isa = PBXBuildFile; fileRef = C45927E925EFD54600CFE731 /* AppDelegate.m */; };
		C45927F025EFD54600CFE731 /* ViewController.m in Sources */ = {isa = PBXBuildFile; fileRef = C45927EF25EFD54600CFE731 /* ViewController.m */; };
		C45927F625EFD54600CFE731 /* aviaTickets.xcdatamodeld in Sources */ = {isa = PBXBuildFile; fileRef = C45927F425EFD54600CFE731 /* aviaTickets.xcdatamodeld */; };
		C45927F825EFD54800CFE731 /* Assets.xcassets in Resources */ = {isa = PBXBuildFile; fileRef = C45927F725EFD54800CFE731 /* Assets.xcassets */; };
		C45927FB25EFD54800CFE731 /* LaunchScreen.storyboard in Resources */ = {isa = PBXBuildFile; fileRef = C45927F925EFD54800CFE731 /* LaunchScreen.storyboard */; };
		C45927FE25EFD54800CFE731 /* main.m in Sources */ = {isa = PBXBuildFile; fileRef = C45927FD25EFD54800CFE731 /* main.m */; };
/* End PBXBuildFile section */

/* Begin PBXFileReference section */
		C45927E525EFD54600CFE731 /* aviaTickets.app */ = {isa = PBXFileReference; explicitFileType = wrapper.application; includeInIndex = 0; path = aviaTickets.app; sourceTree = BUILT_PRODUCTS_DIR; };
		C45927E825EFD54600CFE731 /* AppDelegate.h */ = {isa = PBXFileReference; lastKnownFileType = sourcecode.c.h; path = AppDelegate.h; sourceTree = "<group>"; };
		C45927E925EFD54600CFE731 /* AppDelegate.m */ = {isa = PBXFileReference; lastKnownFileType = sourcecode.c.objc; path = AppDelegate.m; sourceTree = "<group>"; };
		C45927EE25EFD54600CFE731 /* ViewController.h */ = {isa = PBXFileReference; lastKnownFileType = sourcecode.c.h; path = ViewController.h; sourceTree = "<group>"; };
		C45927EF25EFD54600CFE731 /* ViewController.m */ = {isa = PBXFileReference; lastKnownFileType = sourcecode.c.objc; path = ViewController.m; sourceTree = "<group>"; };
		C45927F525EFD54600CFE731 /* aviaTickets.xcdatamodel */ = {isa = PBXFileReference; lastKnownFileType = wrapper.xcdatamodel; path = aviaTickets.xcdatamodel; sourceTree = "<group>"; };
		C45927F725EFD54800CFE731 /* Assets.xcassets */ = {isa = PBXFileReference; lastKnownFileType = folder.assetcatalog; path = Assets.xcassets; sourceTree = "<group>"; };
		C45927FA25EFD54800CFE731 /* Base */ = {isa = PBXFileReference; lastKnownFileType = file.storyboard; name = Base; path = Base.lproj/LaunchScreen.storyboard; sourceTree = "<group>"; };
		C45927FC25EFD54800CFE731 /* Info.plist */ = {isa = PBXFileReference; lastKnownFileType = text.plist.xml; path = Info.plist; sourceTree = "<group>"; };
		C45927FD25EFD54800CFE731 /* main.m */ = {isa = PBXFileReference; lastKnownFileType = sourcecode.c.objc; path = main.m; sourceTree = "<group>"; };
/* End PBXFileReference section */

/* Begin PBXFrameworksBuildPhase section */
		C45927E225EFD54600CFE731 /* Frameworks */ = {
			isa = PBXFrameworksBuildPhase;
			buildActionMask = 2147483647;
			files = (
			);
			runOnlyForDeploymentPostprocessing = 0;
		};
/* End PBXFrameworksBuildPhase section */

/* Begin PBXGroup section */
		C45927DC25EFD54600CFE731 = {
			isa = PBXGroup;
			children = (
				C45927E725EFD54600CFE731 /* aviaTickets */,
				C45927E625EFD54600CFE731 /* Products */,
			);
			sourceTree = "<group>";
		};
		C45927E625EFD54600CFE731 /* Products */ = {
			isa = PBXGroup;
			children = (
				C45927E525EFD54600CFE731 /* aviaTickets.app */,
			);
			name = Products;
			sourceTree = "<group>";
		};
		C45927E725EFD54600CFE731 /* aviaTickets */ = {
			isa = PBXGroup;
			children = (
				C45927E825EFD54600CFE731 /* AppDelegate.h */,
				C45927E925EFD54600CFE731 /* AppDelegate.m */,
				C45927EE25EFD54600CFE731 /* ViewController.h */,
				C45927EF25EFD54600CFE731 /* ViewController.m */,
				C45927F725EFD54800CFE731 /* Assets.xcassets */,
				C45927F925EFD54800CFE731 /* LaunchScreen.storyboard */,
				C45927FC25EFD54800CFE731 /* Info.plist */,
				C45927FD25EFD54800CFE731 /* main.m */,
				C45927F425EFD54600CFE731 /* aviaTickets.xcdatamodeld */,
			);
			path = aviaTickets;
			sourceTree = "<group>";
		};
/* End PBXGroup section */

/* Begin PBXNativeTarget section */
		C45927E425EFD54600CFE731 /* aviaTickets */ = {
			isa = PBXNativeTarget;
			buildConfigurationList = C459280125EFD54800CFE731 /* Build configuration list for PBXNativeTarget "aviaTickets" */;
			buildPhases = (
				C45927E125EFD54600CFE731 /* Sources */,
				C45927E225EFD54600CFE731 /* Frameworks */,
				C45927E325EFD54600CFE731 /* Resources */,
			);
			buildRules = (
			);
			dependencies = (
			);
			name = aviaTickets;
			productName = aviaTickets;
			productReference = C45927E525EFD54600CFE731 /* aviaTickets.app */;
			productType = "com.apple.product-type.application";
		};
/* End PBXNativeTarget section */

/* Begin PBXProject section */
		C45927DD25EFD54600CFE731 /* Project object */ = {
			isa = PBXProject;
			attributes = {
				LastUpgradeCheck = 1240;
				TargetAttributes = {
					C45927E425EFD54600CFE731 = {
						CreatedOnToolsVersion = 12.4;
					};
				};
			};
			buildConfigurationList = C45927E025EFD54600CFE731 /* Build configuration list for PBXProject "aviaTickets" */;
			compatibilityVersion = "Xcode 9.3";
			developmentRegion = en;
			hasScannedForEncodings = 0;
			knownRegions = (
				en,
				Base,
			);
			mainGroup = C45927DC25EFD54600CFE731;
			productRefGroup = C45927E625EFD54600CFE731 /* Products */;
			projectDirPath = "";
			projectRoot = "";
			targets = (
				C45927E425EFD54600CFE731 /* aviaTickets */,
			);
		};
/* End PBXProject section */

/* Begin PBXResourcesBuildPhase section */
		C45927E325EFD54600CFE731 /* Resources */ = {
			isa = PBXResourcesBuildPhase;
			buildActionMask = 2147483647;
			files = (
				C45927FB25EFD54800CFE731 /* LaunchScreen.storyboard in Resources */,
				C45927F825EFD54800CFE731 /* Assets.xcassets in Resources */,
			);
			runOnlyForDeploymentPostprocessing = 0;
		};
/* End PBXResourcesBuildPhase section */

/* Begin PBXSourcesBuildPhase section */
		C45927E125EFD54600CFE731 /* Sources */ = {
			isa = PBXSourcesBuildPhase;
			buildActionMask = 2147483647;
			files = (
				C45927FE25EFD54800CFE731 /* main.m in Sources */,
				C45927F625EFD54600CFE731 /* aviaTickets.xcdatamodeld in Sources */,
				C45927F025EFD54600CFE731 /* ViewController.m in Sources */,
				C45927EA25EFD54600CFE731 /* AppDelegate.m in Sources */,
			);
			runOnlyForDeploymentPostprocessing = 0;
		};
/* End PBXSourcesBuildPhase section */

/* Begin PBXVariantGroup section */
		C45927F925EFD54800CFE731 /* LaunchScreen.storyboard */ = {
			isa = PBXVariantGroup;
			children = (
				C45927FA25EFD54800CFE731 /* Base */,
			);
			name = LaunchScreen.storyboard;
			sourceTree = "<group>";
		};
/* End PBXVariantGroup section */

/* Begin XCBuildConfiguration section */
		C45927FF25EFD54800CFE731 /* Debug */ = {
			isa = XCBuildConfiguration;
			buildSettings = {
				ALWAYS_SEARCH_USER_PATHS = NO;
				CLANG_ANALYZER_NONNULL = YES;
				CLANG_ANALYZER_NUMBER_OBJECT_CONVERSION = YES_AGGRESSIVE;
				CLANG_CXX_LANGUAGE_STANDARD = "gnu++14";
				CLANG_CXX_LIBRARY = "libc++";
				CLANG_ENABLE_MODULES = YES;
				CLANG_ENABLE_OBJC_ARC = YES;
				CLANG_ENABLE_OBJC_WEAK = YES;
				CLANG_WARN_BLOCK_CAPTURE_AUTORELEASING = YES;
				CLANG_WARN_BOOL_CONVERSION = YES;
				CLANG_WARN_COMMA = YES;
				CLANG_WARN_CONSTANT_CONVERSION = YES;
				CLANG_WARN_DEPRECATED_OBJC_IMPLEMENTATIONS = YES;
				CLANG_WARN_DIRECT_OBJC_ISA_USAGE = YES_ERROR;
				CLANG_WARN_DOCUMENTATION_COMMENTS = YES;
				CLANG_WARN_EMPTY_BODY = YES;
				CLANG_WARN_ENUM_CONVERSION = YES;
				CLANG_WARN_INFINITE_RECURSION = YES;
				CLANG_WARN_INT_CONVERSION = YES;
				CLANG_WARN_NON_LITERAL_NULL_CONVERSION = YES;
				CLANG_WARN_OBJC_IMPLICIT_RETAIN_SELF = YES;
				CLANG_WARN_OBJC_LITERAL_CONVERSION = YES;
				CLANG_WARN_OBJC_ROOT_CLASS = YES_ERROR;
				CLANG_WARN_QUOTED_INCLUDE_IN_FRAMEWORK_HEADER = YES;
				CLANG_WARN_RANGE_LOOP_ANALYSIS = YES;
				CLANG_WARN_STRICT_PROTOTYPES = YES;
				CLANG_WARN_SUSPICIOUS_MOVE = YES;
				CLANG_WARN_UNGUARDED_AVAILABILITY = YES_AGGRESSIVE;
				CLANG_WARN_UNREACHABLE_CODE = YES;
				CLANG_WARN__DUPLICATE_METHOD_MATCH = YES;
				COPY_PHASE_STRIP = NO;
				DEBUG_INFORMATION_FORMAT = dwarf;
				ENABLE_STRICT_OBJC_MSGSEND = YES;
				ENABLE_TESTABILITY = YES;
				GCC_C_LANGUAGE_STANDARD = gnu11;
				GCC_DYNAMIC_NO_PIC = NO;
				GCC_NO_COMMON_BLOCKS = YES;
				GCC_OPTIMIZATION_LEVEL = 0;
				GCC_PREPROCESSOR_DEFINITIONS = (
					"DEBUG=1",
					"$(inherited)",
				);
				GCC_WARN_64_TO_32_BIT_CONVERSION = YES;
				GCC_WARN_ABOUT_RETURN_TYPE = YES_ERROR;
				GCC_WARN_UNDECLARED_SELECTOR = YES;
				GCC_WARN_UNINITIALIZED_AUTOS = YES_AGGRESSIVE;
				GCC_WARN_UNUSED_FUNCTION = YES;
				GCC_WARN_UNUSED_VARIABLE = YES;
				IPHONEOS_DEPLOYMENT_TARGET = 14.4;
				MTL_ENABLE_DEBUG_INFO = INCLUDE_SOURCE;
				MTL_FAST_MATH = YES;
				ONLY_ACTIVE_ARCH = YES;
				SDKROOT = iphoneos;
			};
			name = Debug;
		};
		C459280025EFD54800CFE731 /* Release */ = {
			isa = XCBuildConfiguration;
			buildSettings = {
				ALWAYS_SEARCH_USER_PATHS = NO;
				CLANG_ANALYZER_NONNULL = YES;
				CLANG_ANALYZER_NUMBER_OBJECT_CONVERSION = YES_AGGRESSIVE;
				CLANG_CXX_LANGUAGE_STANDARD = "gnu++14";
				CLANG_CXX_LIBRARY = "libc++";
				CLANG_ENABLE_MODULES = YES;
				CLANG_ENABLE_OBJC_ARC = YES;
				CLANG_ENABLE_OBJC_WEAK = YES;
				CLANG_WARN_BLOCK_CAPTURE_AUTORELEASING = YES;
				CLANG_WARN_BOOL_CONVERSION = YES;
				CLANG_WARN_COMMA = YES;
				CLANG_WARN_CONSTANT_CONVERSION = YES;
				CLANG_WARN_DEPRECATED_OBJC_IMPLEMENTATIONS = YES;
				CLANG_WARN_DIRECT_OBJC_ISA_USAGE = YES_ERROR;
				CLANG_WARN_DOCUMENTATION_COMMENTS = YES;
				CLANG_WARN_EMPTY_BODY = YES;
				CLANG_WARN_ENUM_CONVERSION = YES;
				CLANG_WARN_INFINITE_RECURSION = YES;
				CLANG_WARN_INT_CONVERSION = YES;
				CLANG_WARN_NON_LITERAL_NULL_CONVERSION = YES;
				CLANG_WARN_OBJC_IMPLICIT_RETAIN_SELF = YES;
				CLANG_WARN_OBJC_LITERAL_CONVERSION = YES;
				CLANG_WARN_OBJC_ROOT_CLASS = YES_ERROR;
				CLANG_WARN_QUOTED_INCLUDE_IN_FRAMEWORK_HEADER = YES;
				CLANG_WARN_RANGE_LOOP_ANALYSIS = YES;
				CLANG_WARN_STRICT_PROTOTYPES = YES;
				CLANG_WARN_SUSPICIOUS_MOVE = YES;
				CLANG_WARN_UNGUARDED_AVAILABILITY = YES_AGGRESSIVE;
				CLANG_WARN_UNREACHABLE_CODE = YES;
				CLANG_WARN__DUPLICATE_METHOD_MATCH = YES;
				COPY_PHASE_STRIP = NO;
				DEBUG_INFORMATION_FORMAT = "dwarf-with-dsym";
				ENABLE_NS_ASSERTIONS = NO;
				ENABLE_STRICT_OBJC_MSGSEND = YES;
				GCC_C_LANGUAGE_STANDARD = gnu11;
				GCC_NO_COMMON_BLOCKS = YES;
				GCC_WARN_64_TO_32_BIT_CONVERSION = YES;
				GCC_WARN_ABOUT_RETURN_TYPE = YES_ERROR;
				GCC_WARN_UNDECLARED_SELECTOR = YES;
				GCC_WARN_UNINITIALIZED_AUTOS = YES_AGGRESSIVE;
				GCC_WARN_UNUSED_FUNCTION = YES;
				GCC_WARN_UNUSED_VARIABLE = YES;
				IPHONEOS_DEPLOYMENT_TARGET = 14.4;
				MTL_ENABLE_DEBUG_INFO = NO;
				MTL_FAST_MATH = YES;
				SDKROOT = iphoneos;
				VALIDATE_PRODUCT = YES;
			};
			name = Release;
		};
		C459280225EFD54800CFE731 /* Debug */ = {
			isa = XCBuildConfiguration;
			buildSettings = {
				ASSETCATALOG_COMPILER_APPICON_NAME = AppIcon;
				ASSETCATALOG_COMPILER_GLOBAL_ACCENT_COLOR_NAME = AccentColor;
				CODE_SIGN_STYLE = Automatic;
				INFOPLIST_FILE = aviaTickets/Info.plist;
				LD_RUNPATH_SEARCH_PATHS = (
					"$(inherited)",
					"@executable_path/Frameworks",
				);
				PRODUCT_BUNDLE_IDENTIFIER = my.aviaTickets;
				PRODUCT_NAME = "$(TARGET_NAME)";
				TARGETED_DEVICE_FAMILY = "1,2";
			};
			name = Debug;
		};
		C459280325EFD54800CFE731 /* Release */ = {
			isa = XCBuildConfiguration;
			buildSettings = {
				ASSETCATALOG_COMPILER_APPICON_NAME = AppIcon;
				ASSETCATALOG_COMPILER_GLOBAL_ACCENT_COLOR_NAME = AccentColor;
				CODE_SIGN_STYLE = Automatic;
				INFOPLIST_FILE = aviaTickets/Info.plist;
				LD_RUNPATH_SEARCH_PATHS = (
					"$(inherited)",
					"@executable_path/Frameworks",
				);
				PRODUCT_BUNDLE_IDENTIFIER = my.aviaTickets;
				PRODUCT_NAME = "$(TARGET_NAME)";
				TARGETED_DEVICE_FAMILY = "1,2";
			};
			name = Release;
		};
/* End XCBuildConfiguration section */

/* Begin XCConfigurationList section */
		C45927E025EFD54600CFE731 /* Build configuration list for PBXProject "aviaTickets" */ = {
			isa = XCConfigurationList;
			buildConfigurations = (
				C45927FF25EFD54800CFE731 /* Debug */,
				C459280025EFD54800CFE731 /* Release */,
			);
			defaultConfigurationIsVisible = 0;
			defaultConfigurationName = Release;
		};
		C459280125EFD54800CFE731 /* Build configuration list for PBXNativeTarget "aviaTickets" */ = {
			isa = XCConfigurationList;
			buildConfigurations = (
				C459280225EFD54800CFE731 /* Debug */,
				C459280325EFD54800CFE731 /* Release */,
			);
			defaultConfigurationIsVisible = 0;
			defaultConfigurationName = Release;
		};
/* End XCConfigurationList section */

/* Begin XCVersionGroup section */
		C45927F425EFD54600CFE731 /* aviaTickets.xcdatamodeld */ = {
			isa = XCVersionGroup;
			children = (
				C45927F525EFD54600CFE731 /* aviaTickets.xcdatamodel */,
			);
			currentVersion = C45927F525EFD54600CFE731 /* aviaTickets.xcdatamodel */;
			path = aviaTickets.xcdatamodeld;
			sourceTree = "<group>";
			versionGroupType = wrapper.xcdatamodel;
		};
/* End XCVersionGroup section */
	};
	rootObject = C45927DD25EFD54600CFE731 /* Project object */;
}
